
Microsoft Visual Studio Solution File, Format Version 12.00
# Visual Studio Version 17
VisualStudioVersion = 17.3.32811.315
MinimumVisualStudioVersion = 10.0.40219.1
Project("{FAE04EC0-301F-11D3-BF4B-00C04F79EFBC}") = "AppServiceTest", "AppServiceTest\AppServiceTest.csproj", "{36BE5DFA-AC84-49D6-AE6B-37B6634769E7}"
EndProject
Global
	GlobalSection(SolutionConfigurationPlatforms) = preSolution
		Debug|Any CPU = Debug|Any CPU
		Release|Any CPU = Release|Any CPU
	EndGlobalSection
	GlobalSection(ProjectConfigurationPlatforms) = postSolution
		{36BE5DFA-AC84-49D6-AE6B-37B6634769E7}.Debug|Any CPU.ActiveCfg = Debug|Any CPU
		{36BE5DFA-AC84-49D6-AE6B-37B6634769E7}.Debug|Any CPU.Build.0 = Debug|Any CPU
		{36BE5DFA-AC84-49D6-AE6B-37B6634769E7}.Release|Any CPU.ActiveCfg = Release|Any CPU
		{36BE5DFA-AC84-49D6-AE6B-37B6634769E7}.Release|Any CPU.Build.0 = Release|Any CPU
	EndGlobalSection
	GlobalSection(SolutionProperties) = preSolution
		HideSolutionNode = FALSE
	EndGlobalSection
	GlobalSection(ExtensibilityGlobals) = postSolution
		SolutionGuid = {A1CC7114-D397-4D1C-9F06-11D1674DC33D}
	EndGlobalSection
EndGlobal
